// !$*UTF8*$!
{
	archiveVersion = 1;
	classes = {
	};
	objectVersion = 51;
	objects = {

/* Begin PBXBuildFile section */
		69E414006763AB11367753D5 /* Pods_CountryTestTests.framework in Frameworks */ = {isa = PBXBuildFile; fileRef = F91FA8195F02CC0D8A5621A4 /* Pods_CountryTestTests.framework */; };
		BA6C252E122DA86744BE4028 /* Pods_CountryTest.framework in Frameworks */ = {isa = PBXBuildFile; fileRef = A9165B6B3DE293C7630E4095 /* Pods_CountryTest.framework */; };
		FF1F7A00256EC36D00FA5CE5 /* AppDelegate.swift in Sources */ = {isa = PBXBuildFile; fileRef = FF1F79FF256EC36D00FA5CE5 /* AppDelegate.swift */; };
		FF1F7A04256EC36D00FA5CE5 /* MainViewController.swift in Sources */ = {isa = PBXBuildFile; fileRef = FF1F7A03256EC36D00FA5CE5 /* MainViewController.swift */; };
		FF1F7A09256EC37500FA5CE5 /* Assets.xcassets in Resources */ = {isa = PBXBuildFile; fileRef = FF1F7A08256EC37500FA5CE5 /* Assets.xcassets */; };
		FF1F7A0C256EC37500FA5CE5 /* LaunchScreen.storyboard in Resources */ = {isa = PBXBuildFile; fileRef = FF1F7A0A256EC37500FA5CE5 /* LaunchScreen.storyboard */; };
		FF1F7A4B256EC81B00FA5CE5 /* MainPresenter.swift in Sources */ = {isa = PBXBuildFile; fileRef = FF1F7A4A256EC81B00FA5CE5 /* MainPresenter.swift */; };
		FF1F7A54256ECAF400FA5CE5 /* Country.swift in Sources */ = {isa = PBXBuildFile; fileRef = FF1F7A53256ECAF400FA5CE5 /* Country.swift */; };
		FF1F7A62256ED13200FA5CE5 /* MainViewController.xib in Resources */ = {isa = PBXBuildFile; fileRef = FF1F7A61256ED13200FA5CE5 /* MainViewController.xib */; };
		FF1F7A67256ED32800FA5CE5 /* AssemblyModuleBuilder.swift in Sources */ = {isa = PBXBuildFile; fileRef = FF1F7A66256ED32800FA5CE5 /* AssemblyModuleBuilder.swift */; };
		FF1F7A72256EDAFC00FA5CE5 /* MainPresenterTests.swift in Sources */ = {isa = PBXBuildFile; fileRef = FF1F7A71256EDAFC00FA5CE5 /* MainPresenterTests.swift */; };
		FF1F7A8C256EF5B100FA5CE5 /* Resource.swift in Sources */ = {isa = PBXBuildFile; fileRef = FF1F7A8B256EF5B100FA5CE5 /* Resource.swift */; };
		FF1F7A95256EF5D900FA5CE5 /* NetworkService.swift in Sources */ = {isa = PBXBuildFile; fileRef = FF1F7A94256EF5D900FA5CE5 /* NetworkService.swift */; };
		FF1F7A99256EF5F500FA5CE5 /* NetworkDataFetcher.swift in Sources */ = {isa = PBXBuildFile; fileRef = FF1F7A98256EF5F500FA5CE5 /* NetworkDataFetcher.swift */; };
		FF1F7A9D256EF61200FA5CE5 /* NetworkErrors.swift in Sources */ = {isa = PBXBuildFile; fileRef = FF1F7A9C256EF61200FA5CE5 /* NetworkErrors.swift */; };
		FF1F7AA1256EF64600FA5CE5 /* Constants.swift in Sources */ = {isa = PBXBuildFile; fileRef = FF1F7AA0256EF64600FA5CE5 /* Constants.swift */; };
		FF1F7AA5256EF8F900FA5CE5 /* CountryServise.swift in Sources */ = {isa = PBXBuildFile; fileRef = FF1F7AA4256EF8F900FA5CE5 /* CountryServise.swift */; };
		FF1F7AAF256F001900FA5CE5 /* UrlConstructor.swift in Sources */ = {isa = PBXBuildFile; fileRef = FF1F7AAE256F001900FA5CE5 /* UrlConstructor.swift */; };
		FF1F7AB3256FA7BC00FA5CE5 /* DetailPresenter.swift in Sources */ = {isa = PBXBuildFile; fileRef = FF1F7AB2256FA7BC00FA5CE5 /* DetailPresenter.swift */; };
		FF1F7ABE256FBF1400FA5CE5 /* DetailViewController.swift in Sources */ = {isa = PBXBuildFile; fileRef = FF1F7ABC256FBF1400FA5CE5 /* DetailViewController.swift */; };
		FF1F7ABF256FBF1400FA5CE5 /* DetailViewController.xib in Resources */ = {isa = PBXBuildFile; fileRef = FF1F7ABD256FBF1400FA5CE5 /* DetailViewController.xib */; };
		FF1F7ACA256FD0CE00FA5CE5 /* Router.swift in Sources */ = {isa = PBXBuildFile; fileRef = FF1F7AC9256FD0CE00FA5CE5 /* Router.swift */; };
		FF1F7AD025701E1300FA5CE5 /* RouterTests.swift in Sources */ = {isa = PBXBuildFile; fileRef = FF1F7ACF25701E1200FA5CE5 /* RouterTests.swift */; };
		FF1F7AD4257045D000FA5CE5 /* DetailPresenterTests.swift in Sources */ = {isa = PBXBuildFile; fileRef = FF1F7AD3257045D000FA5CE5 /* DetailPresenterTests.swift */; };
		FF1F7AE22571709400FA5CE5 /* String+Extension.swift in Sources */ = {isa = PBXBuildFile; fileRef = FF1F7AE12571709300FA5CE5 /* String+Extension.swift */; };
		FF1F7AEF2571737D00FA5CE5 /* UIViewController+Extension .swift in Sources */ = {isa = PBXBuildFile; fileRef = FF1F7AEE2571737C00FA5CE5 /* UIViewController+Extension .swift */; };
		FF1F7BA52575229500FA5CE5 /* Localizable.strings in Resources */ = {isa = PBXBuildFile; fileRef = FF1F7BA72575229500FA5CE5 /* Localizable.strings */; };
		FF1F7BB42575642700FA5CE5 /* UrlConstructorTests.swift in Sources */ = {isa = PBXBuildFile; fileRef = FF1F7BB32575642600FA5CE5 /* UrlConstructorTests.swift */; };
		FF1F7BBA2575667C00FA5CE5 /* NetworkErrorTests.swift in Sources */ = {isa = PBXBuildFile; fileRef = FF1F7BB92575667C00FA5CE5 /* NetworkErrorTests.swift */; };
		FF1F7BC125756B4F00FA5CE5 /* CountryServiseTests.swift in Sources */ = {isa = PBXBuildFile; fileRef = FF1F7BC025756B4F00FA5CE5 /* CountryServiseTests.swift */; };
/* End PBXBuildFile section */

/* Begin PBXContainerItemProxy section */
		FF1F7A13256EC37600FA5CE5 /* PBXContainerItemProxy */ = {
			isa = PBXContainerItemProxy;
			containerPortal = FF1F79F4256EC36C00FA5CE5 /* Project object */;
			proxyType = 1;
			remoteGlobalIDString = FF1F79FB256EC36C00FA5CE5;
			remoteInfo = CountryTest;
		};
/* End PBXContainerItemProxy section */

/* Begin PBXFileReference section */
		1123C154F3E8DFC3663AABBB /* Pods-CountryTest.release.xcconfig */ = {isa = PBXFileReference; includeInIndex = 1; lastKnownFileType = text.xcconfig; name = "Pods-CountryTest.release.xcconfig"; path = "Target Support Files/Pods-CountryTest/Pods-CountryTest.release.xcconfig"; sourceTree = "<group>"; };
		16843A2CA56F6DF8B869ACB9 /* Pods-CountryTestTests.release.xcconfig */ = {isa = PBXFileReference; includeInIndex = 1; lastKnownFileType = text.xcconfig; name = "Pods-CountryTestTests.release.xcconfig"; path = "Target Support Files/Pods-CountryTestTests/Pods-CountryTestTests.release.xcconfig"; sourceTree = "<group>"; };
		61BBEA42DBA0E009785D7B4A /* Pods-CountryTestTests.debug.xcconfig */ = {isa = PBXFileReference; includeInIndex = 1; lastKnownFileType = text.xcconfig; name = "Pods-CountryTestTests.debug.xcconfig"; path = "Target Support Files/Pods-CountryTestTests/Pods-CountryTestTests.debug.xcconfig"; sourceTree = "<group>"; };
		A9165B6B3DE293C7630E4095 /* Pods_CountryTest.framework */ = {isa = PBXFileReference; explicitFileType = wrapper.framework; includeInIndex = 0; path = Pods_CountryTest.framework; sourceTree = BUILT_PRODUCTS_DIR; };
		CA2C9ECCFFC0EDA57FCEC581 /* Pods-CountryTest.debug.xcconfig */ = {isa = PBXFileReference; includeInIndex = 1; lastKnownFileType = text.xcconfig; name = "Pods-CountryTest.debug.xcconfig"; path = "Target Support Files/Pods-CountryTest/Pods-CountryTest.debug.xcconfig"; sourceTree = "<group>"; };
		F91FA8195F02CC0D8A5621A4 /* Pods_CountryTestTests.framework */ = {isa = PBXFileReference; explicitFileType = wrapper.framework; includeInIndex = 0; path = Pods_CountryTestTests.framework; sourceTree = BUILT_PRODUCTS_DIR; };
		FF1F79FC256EC36D00FA5CE5 /* CountryTest.app */ = {isa = PBXFileReference; explicitFileType = wrapper.application; includeInIndex = 0; path = CountryTest.app; sourceTree = BUILT_PRODUCTS_DIR; };
		FF1F79FF256EC36D00FA5CE5 /* AppDelegate.swift */ = {isa = PBXFileReference; lastKnownFileType = sourcecode.swift; path = AppDelegate.swift; sourceTree = "<group>"; };
		FF1F7A03256EC36D00FA5CE5 /* MainViewController.swift */ = {isa = PBXFileReference; lastKnownFileType = sourcecode.swift; path = MainViewController.swift; sourceTree = "<group>"; };
		FF1F7A08256EC37500FA5CE5 /* Assets.xcassets */ = {isa = PBXFileReference; lastKnownFileType = folder.assetcatalog; path = Assets.xcassets; sourceTree = "<group>"; };
		FF1F7A0B256EC37500FA5CE5 /* Base */ = {isa = PBXFileReference; lastKnownFileType = file.storyboard; name = Base; path = Base.lproj/LaunchScreen.storyboard; sourceTree = "<group>"; };
		FF1F7A0D256EC37500FA5CE5 /* Info.plist */ = {isa = PBXFileReference; lastKnownFileType = text.plist.xml; path = Info.plist; sourceTree = "<group>"; };
		FF1F7A12256EC37600FA5CE5 /* CountryTestTests.xctest */ = {isa = PBXFileReference; explicitFileType = wrapper.cfbundle; includeInIndex = 0; path = CountryTestTests.xctest; sourceTree = BUILT_PRODUCTS_DIR; };
		FF1F7A18256EC37600FA5CE5 /* Info.plist */ = {isa = PBXFileReference; lastKnownFileType = text.plist.xml; path = Info.plist; sourceTree = "<group>"; };
		FF1F7A4A256EC81B00FA5CE5 /* MainPresenter.swift */ = {isa = PBXFileReference; lastKnownFileType = sourcecode.swift; path = MainPresenter.swift; sourceTree = "<group>"; };
		FF1F7A53256ECAF400FA5CE5 /* Country.swift */ = {isa = PBXFileReference; lastKnownFileType = sourcecode.swift; path = Country.swift; sourceTree = "<group>"; };
		FF1F7A61256ED13200FA5CE5 /* MainViewController.xib */ = {isa = PBXFileReference; lastKnownFileType = file.xib; path = MainViewController.xib; sourceTree = "<group>"; };
		FF1F7A66256ED32800FA5CE5 /* AssemblyModuleBuilder.swift */ = {isa = PBXFileReference; lastKnownFileType = sourcecode.swift; path = AssemblyModuleBuilder.swift; sourceTree = "<group>"; };
		FF1F7A71256EDAFC00FA5CE5 /* MainPresenterTests.swift */ = {isa = PBXFileReference; lastKnownFileType = sourcecode.swift; path = MainPresenterTests.swift; sourceTree = "<group>"; };
		FF1F7A8B256EF5B100FA5CE5 /* Resource.swift */ = {isa = PBXFileReference; lastKnownFileType = sourcecode.swift; path = Resource.swift; sourceTree = "<group>"; };
		FF1F7A94256EF5D900FA5CE5 /* NetworkService.swift */ = {isa = PBXFileReference; lastKnownFileType = sourcecode.swift; path = NetworkService.swift; sourceTree = "<group>"; };
		FF1F7A98256EF5F500FA5CE5 /* NetworkDataFetcher.swift */ = {isa = PBXFileReference; lastKnownFileType = sourcecode.swift; path = NetworkDataFetcher.swift; sourceTree = "<group>"; };
		FF1F7A9C256EF61200FA5CE5 /* NetworkErrors.swift */ = {isa = PBXFileReference; lastKnownFileType = sourcecode.swift; path = NetworkErrors.swift; sourceTree = "<group>"; };
		FF1F7AA0256EF64600FA5CE5 /* Constants.swift */ = {isa = PBXFileReference; lastKnownFileType = sourcecode.swift; path = Constants.swift; sourceTree = "<group>"; };
		FF1F7AA4256EF8F900FA5CE5 /* CountryServise.swift */ = {isa = PBXFileReference; lastKnownFileType = sourcecode.swift; path = CountryServise.swift; sourceTree = "<group>"; };
		FF1F7AAE256F001900FA5CE5 /* UrlConstructor.swift */ = {isa = PBXFileReference; lastKnownFileType = sourcecode.swift; path = UrlConstructor.swift; sourceTree = "<group>"; };
		FF1F7AB2256FA7BC00FA5CE5 /* DetailPresenter.swift */ = {isa = PBXFileReference; lastKnownFileType = sourcecode.swift; path = DetailPresenter.swift; sourceTree = "<group>"; };
		FF1F7ABC256FBF1400FA5CE5 /* DetailViewController.swift */ = {isa = PBXFileReference; lastKnownFileType = sourcecode.swift; path = DetailViewController.swift; sourceTree = "<group>"; };
		FF1F7ABD256FBF1400FA5CE5 /* DetailViewController.xib */ = {isa = PBXFileReference; lastKnownFileType = file.xib; path = DetailViewController.xib; sourceTree = "<group>"; };
		FF1F7AC9256FD0CE00FA5CE5 /* Router.swift */ = {isa = PBXFileReference; lastKnownFileType = sourcecode.swift; path = Router.swift; sourceTree = "<group>"; };
		FF1F7ACF25701E1200FA5CE5 /* RouterTests.swift */ = {isa = PBXFileReference; lastKnownFileType = sourcecode.swift; path = RouterTests.swift; sourceTree = "<group>"; };
		FF1F7AD3257045D000FA5CE5 /* DetailPresenterTests.swift */ = {isa = PBXFileReference; lastKnownFileType = sourcecode.swift; path = DetailPresenterTests.swift; sourceTree = "<group>"; };
		FF1F7AE12571709300FA5CE5 /* String+Extension.swift */ = {isa = PBXFileReference; lastKnownFileType = sourcecode.swift; path = "String+Extension.swift"; sourceTree = "<group>"; };
		FF1F7AEE2571737C00FA5CE5 /* UIViewController+Extension .swift */ = {isa = PBXFileReference; lastKnownFileType = sourcecode.swift; path = "UIViewController+Extension .swift"; sourceTree = "<group>"; };
		FF1F7BA62575229500FA5CE5 /* en */ = {isa = PBXFileReference; lastKnownFileType = text.plist.strings; name = en; path = en.lproj/Localizable.strings; sourceTree = "<group>"; };
		FF1F7BAA257522D600FA5CE5 /* ru */ = {isa = PBXFileReference; lastKnownFileType = text.plist.strings; name = ru; path = ru.lproj/Localizable.strings; sourceTree = "<group>"; };
		FF1F7BB32575642600FA5CE5 /* UrlConstructorTests.swift */ = {isa = PBXFileReference; lastKnownFileType = sourcecode.swift; path = UrlConstructorTests.swift; sourceTree = "<group>"; };
		FF1F7BB92575667C00FA5CE5 /* NetworkErrorTests.swift */ = {isa = PBXFileReference; lastKnownFileType = sourcecode.swift; path = NetworkErrorTests.swift; sourceTree = "<group>"; };
		FF1F7BC025756B4F00FA5CE5 /* CountryServiseTests.swift */ = {isa = PBXFileReference; lastKnownFileType = sourcecode.swift; path = CountryServiseTests.swift; sourceTree = "<group>"; };
/* End PBXFileReference section */

/* Begin PBXFrameworksBuildPhase section */
		FF1F79F9256EC36C00FA5CE5 /* Frameworks */ = {
			isa = PBXFrameworksBuildPhase;
			buildActionMask = 2147483647;
			files = (
				BA6C252E122DA86744BE4028 /* Pods_CountryTest.framework in Frameworks */,
			);
			runOnlyForDeploymentPostprocessing = 0;
		};
		FF1F7A0F256EC37600FA5CE5 /* Frameworks */ = {
			isa = PBXFrameworksBuildPhase;
			buildActionMask = 2147483647;
			files = (
				69E414006763AB11367753D5 /* Pods_CountryTestTests.framework in Frameworks */,
			);
			runOnlyForDeploymentPostprocessing = 0;
		};
/* End PBXFrameworksBuildPhase section */

/* Begin PBXGroup section */
		27955EB509F935E12ACB3499 /* Pods */ = {
			isa = PBXGroup;
			children = (
				CA2C9ECCFFC0EDA57FCEC581 /* Pods-CountryTest.debug.xcconfig */,
				1123C154F3E8DFC3663AABBB /* Pods-CountryTest.release.xcconfig */,
				61BBEA42DBA0E009785D7B4A /* Pods-CountryTestTests.debug.xcconfig */,
				16843A2CA56F6DF8B869ACB9 /* Pods-CountryTestTests.release.xcconfig */,
			);
			path = Pods;
			sourceTree = "<group>";
		};
		700804484E475508362F9C6A /* Frameworks */ = {
			isa = PBXGroup;
			children = (
				A9165B6B3DE293C7630E4095 /* Pods_CountryTest.framework */,
				F91FA8195F02CC0D8A5621A4 /* Pods_CountryTestTests.framework */,
			);
			name = Frameworks;
			sourceTree = "<group>";
		};
		FF1F79F3256EC36C00FA5CE5 = {
			isa = PBXGroup;
			children = (
				FF1F79FE256EC36D00FA5CE5 /* CountryTest */,
				FF1F7A15256EC37600FA5CE5 /* CountryTestTests */,
				FF1F79FD256EC36D00FA5CE5 /* Products */,
				27955EB509F935E12ACB3499 /* Pods */,
				700804484E475508362F9C6A /* Frameworks */,
			);
			sourceTree = "<group>";
		};
		FF1F79FD256EC36D00FA5CE5 /* Products */ = {
			isa = PBXGroup;
			children = (
				FF1F79FC256EC36D00FA5CE5 /* CountryTest.app */,
				FF1F7A12256EC37600FA5CE5 /* CountryTestTests.xctest */,
			);
			name = Products;
			sourceTree = "<group>";
		};
		FF1F79FE256EC36D00FA5CE5 /* CountryTest */ = {
			isa = PBXGroup;
			children = (
				FF1F7AE92571724800FA5CE5 /* Extensions */,
				FF1F7AAB256F000900FA5CE5 /* Helpers */,
				FF1F7A66256ED32800FA5CE5 /* AssemblyModuleBuilder.swift */,
				FF1F7AC9256FD0CE00FA5CE5 /* Router.swift */,
				FF1F7A8F256EF5B500FA5CE5 /* NetworkLayer */,
				FF1F7AA8256EF90000FA5CE5 /* Services */,
				FF1F7AB6256FABB800FA5CE5 /* DetailModule */,
				FF1F7A4F256EC83900FA5CE5 /* MainModule */,
				FF1F7A08256EC37500FA5CE5 /* Assets.xcassets */,
				FF1F79FF256EC36D00FA5CE5 /* AppDelegate.swift */,
				FF1F7A0A256EC37500FA5CE5 /* LaunchScreen.storyboard */,
				FF1F7A0D256EC37500FA5CE5 /* Info.plist */,
				FF1F7BA72575229500FA5CE5 /* Localizable.strings */,
			);
			path = CountryTest;
			sourceTree = "<group>";
		};
		FF1F7A15256EC37600FA5CE5 /* CountryTestTests */ = {
			isa = PBXGroup;
			children = (
				FF1F7A18256EC37600FA5CE5 /* Info.plist */,
				FF1F7BC025756B4F00FA5CE5 /* CountryServiseTests.swift */,
				FF1F7BBD2575669100FA5CE5 /* Helpers */,
				FF1F7ACF25701E1200FA5CE5 /* RouterTests.swift */,
				FF1F7A79256EDB0200FA5CE5 /* MainModuleTests */,
				FF1F7AD9257045D800FA5CE5 /* DetailModuleTests */,
			);
			path = CountryTestTests;
			sourceTree = "<group>";
		};
		FF1F7A4F256EC83900FA5CE5 /* MainModule */ = {
			isa = PBXGroup;
			children = (
				FF1F7A5F256ED0E500FA5CE5 /* Model */,
				FF1F7A5B256ED0D100FA5CE5 /* View */,
				FF1F7A60256ED0EC00FA5CE5 /* Presenter */,
			);
			path = MainModule;
			sourceTree = "<group>";
		};
		FF1F7A5B256ED0D100FA5CE5 /* View */ = {
			isa = PBXGroup;
			children = (
				FF1F7A03256EC36D00FA5CE5 /* MainViewController.swift */,
				FF1F7A61256ED13200FA5CE5 /* MainViewController.xib */,
			);
			path = View;
			sourceTree = "<group>";
		};
		FF1F7A5F256ED0E500FA5CE5 /* Model */ = {
			isa = PBXGroup;
			children = (
				FF1F7A53256ECAF400FA5CE5 /* Country.swift */,
			);
			path = Model;
			sourceTree = "<group>";
		};
		FF1F7A60256ED0EC00FA5CE5 /* Presenter */ = {
			isa = PBXGroup;
			children = (
				FF1F7A4A256EC81B00FA5CE5 /* MainPresenter.swift */,
			);
			path = Presenter;
			sourceTree = "<group>";
		};
		FF1F7A79256EDB0200FA5CE5 /* MainModuleTests */ = {
			isa = PBXGroup;
			children = (
				FF1F7A71256EDAFC00FA5CE5 /* MainPresenterTests.swift */,
			);
			path = MainModuleTests;
			sourceTree = "<group>";
		};
		FF1F7A8F256EF5B500FA5CE5 /* NetworkLayer */ = {
			isa = PBXGroup;
			children = (
				FF1F7A8B256EF5B100FA5CE5 /* Resource.swift */,
				FF1F7A94256EF5D900FA5CE5 /* NetworkService.swift */,
				FF1F7A98256EF5F500FA5CE5 /* NetworkDataFetcher.swift */,
				FF1F7A9C256EF61200FA5CE5 /* NetworkErrors.swift */,
			);
			path = NetworkLayer;
			sourceTree = "<group>";
		};
		FF1F7AA8256EF90000FA5CE5 /* Services */ = {
			isa = PBXGroup;
			children = (
				FF1F7AA4256EF8F900FA5CE5 /* CountryServise.swift */,
			);
			path = Services;
			sourceTree = "<group>";
		};
		FF1F7AAB256F000900FA5CE5 /* Helpers */ = {
			isa = PBXGroup;
			children = (
				FF1F7AA0256EF64600FA5CE5 /* Constants.swift */,
				FF1F7AAE256F001900FA5CE5 /* UrlConstructor.swift */,
			);
			path = Helpers;
			sourceTree = "<group>";
		};
		FF1F7AB6256FABB800FA5CE5 /* DetailModule */ = {
			isa = PBXGroup;
			children = (
				FF1F7AC2256FBF1B00FA5CE5 /* View */,
				FF1F7AB7256FABC600FA5CE5 /* Presenter */,
			);
			path = DetailModule;
			sourceTree = "<group>";
		};
		FF1F7AB7256FABC600FA5CE5 /* Presenter */ = {
			isa = PBXGroup;
			children = (
				FF1F7AB2256FA7BC00FA5CE5 /* DetailPresenter.swift */,
			);
			path = Presenter;
			sourceTree = "<group>";
		};
		FF1F7AC2256FBF1B00FA5CE5 /* View */ = {
			isa = PBXGroup;
			children = (
				FF1F7ABC256FBF1400FA5CE5 /* DetailViewController.swift */,
				FF1F7ABD256FBF1400FA5CE5 /* DetailViewController.xib */,
			);
			path = View;
			sourceTree = "<group>";
		};
		FF1F7AD9257045D800FA5CE5 /* DetailModuleTests */ = {
			isa = PBXGroup;
			children = (
				FF1F7AD3257045D000FA5CE5 /* DetailPresenterTests.swift */,
			);
			path = DetailModuleTests;
			sourceTree = "<group>";
		};
		FF1F7AE92571724800FA5CE5 /* Extensions */ = {
			isa = PBXGroup;
			children = (
				FF1F7AE12571709300FA5CE5 /* String+Extension.swift */,
				FF1F7AEE2571737C00FA5CE5 /* UIViewController+Extension .swift */,
			);
			path = Extensions;
			sourceTree = "<group>";
		};
		FF1F7BBD2575669100FA5CE5 /* Helpers */ = {
			isa = PBXGroup;
			children = (
				FF1F7BB92575667C00FA5CE5 /* NetworkErrorTests.swift */,
				FF1F7BB32575642600FA5CE5 /* UrlConstructorTests.swift */,
			);
			path = Helpers;
			sourceTree = "<group>";
		};
/* End PBXGroup section */

/* Begin PBXNativeTarget section */
		FF1F79FB256EC36C00FA5CE5 /* CountryTest */ = {
			isa = PBXNativeTarget;
			buildConfigurationList = FF1F7A26256EC37600FA5CE5 /* Build configuration list for PBXNativeTarget "CountryTest" */;
			buildPhases = (
				0565FBA24C3E2FC923A2F239 /* [CP] Check Pods Manifest.lock */,
				FF1F79F8256EC36C00FA5CE5 /* Sources */,
				FF1F79F9256EC36C00FA5CE5 /* Frameworks */,
				FF1F79FA256EC36C00FA5CE5 /* Resources */,
				6F4FC876F54613B1D9675EA4 /* [CP] Embed Pods Frameworks */,
			);
			buildRules = (
			);
			dependencies = (
			);
			name = CountryTest;
			productName = CountryTest;
			productReference = FF1F79FC256EC36D00FA5CE5 /* CountryTest.app */;
			productType = "com.apple.product-type.application";
		};
		FF1F7A11256EC37600FA5CE5 /* CountryTestTests */ = {
			isa = PBXNativeTarget;
			buildConfigurationList = FF1F7A29256EC37600FA5CE5 /* Build configuration list for PBXNativeTarget "CountryTestTests" */;
			buildPhases = (
				212CA054CA07CE4A996BCAE4 /* [CP] Check Pods Manifest.lock */,
				FF1F7A0E256EC37600FA5CE5 /* Sources */,
				FF1F7A0F256EC37600FA5CE5 /* Frameworks */,
				FF1F7A10256EC37600FA5CE5 /* Resources */,
			);
			buildRules = (
			);
			dependencies = (
				FF1F7A14256EC37600FA5CE5 /* PBXTargetDependency */,
			);
			name = CountryTestTests;
			productName = CountryTestTests;
			productReference = FF1F7A12256EC37600FA5CE5 /* CountryTestTests.xctest */;
			productType = "com.apple.product-type.bundle.unit-test";
		};
/* End PBXNativeTarget section */

/* Begin PBXProject section */
		FF1F79F4256EC36C00FA5CE5 /* Project object */ = {
			isa = PBXProject;
			attributes = {
				LastSwiftUpdateCheck = 1220;
				LastUpgradeCheck = 1220;
				TargetAttributes = {
					FF1F79FB256EC36C00FA5CE5 = {
						CreatedOnToolsVersion = 12.2;
					};
					FF1F7A11256EC37600FA5CE5 = {
						CreatedOnToolsVersion = 12.2;
						TestTargetID = FF1F79FB256EC36C00FA5CE5;
					};
				};
			};
			buildConfigurationList = FF1F79F7256EC36C00FA5CE5 /* Build configuration list for PBXProject "CountryTest" */;
			compatibilityVersion = "Xcode 9.3";
			developmentRegion = en;
			hasScannedForEncodings = 0;
			knownRegions = (
				en,
				Base,
				ru,
			);
			mainGroup = FF1F79F3256EC36C00FA5CE5;
			productRefGroup = FF1F79FD256EC36D00FA5CE5 /* Products */;
			projectDirPath = "";
			projectRoot = "";
			targets = (
				FF1F79FB256EC36C00FA5CE5 /* CountryTest */,
				FF1F7A11256EC37600FA5CE5 /* CountryTestTests */,
			);
		};
/* End PBXProject section */

/* Begin PBXResourcesBuildPhase section */
		FF1F79FA256EC36C00FA5CE5 /* Resources */ = {
			isa = PBXResourcesBuildPhase;
			buildActionMask = 2147483647;
			files = (
				FF1F7BA52575229500FA5CE5 /* Localizable.strings in Resources */,
				FF1F7A0C256EC37500FA5CE5 /* LaunchScreen.storyboard in Resources */,
				FF1F7A09256EC37500FA5CE5 /* Assets.xcassets in Resources */,
				FF1F7A62256ED13200FA5CE5 /* MainViewController.xib in Resources */,
				FF1F7ABF256FBF1400FA5CE5 /* DetailViewController.xib in Resources */,
			);
			runOnlyForDeploymentPostprocessing = 0;
		};
		FF1F7A10256EC37600FA5CE5 /* Resources */ = {
			isa = PBXResourcesBuildPhase;
			buildActionMask = 2147483647;
			files = (
			);
			runOnlyForDeploymentPostprocessing = 0;
		};
/* End PBXResourcesBuildPhase section */

/* Begin PBXShellScriptBuildPhase section */
		0565FBA24C3E2FC923A2F239 /* [CP] Check Pods Manifest.lock */ = {
			isa = PBXShellScriptBuildPhase;
			buildActionMask = 2147483647;
			files = (
			);
			inputFileListPaths = (
			);
			inputPaths = (
				"${PODS_PODFILE_DIR_PATH}/Podfile.lock",
				"${PODS_ROOT}/Manifest.lock",
			);
			name = "[CP] Check Pods Manifest.lock";
			outputFileListPaths = (
			);
			outputPaths = (
				"$(DERIVED_FILE_DIR)/Pods-CountryTest-checkManifestLockResult.txt",
			);
			runOnlyForDeploymentPostprocessing = 0;
			shellPath = /bin/sh;
			shellScript = "diff \"${PODS_PODFILE_DIR_PATH}/Podfile.lock\" \"${PODS_ROOT}/Manifest.lock\" > /dev/null\nif [ $? != 0 ] ; then\n    # print error to STDERR\n    echo \"error: The sandbox is not in sync with the Podfile.lock. Run 'pod install' or update your CocoaPods installation.\" >&2\n    exit 1\nfi\n# This output is used by Xcode 'outputs' to avoid re-running this script phase.\necho \"SUCCESS\" > \"${SCRIPT_OUTPUT_FILE_0}\"\n";
			showEnvVarsInLog = 0;
		};
		212CA054CA07CE4A996BCAE4 /* [CP] Check Pods Manifest.lock */ = {
			isa = PBXShellScriptBuildPhase;
			buildActionMask = 2147483647;
			files = (
			);
			inputFileListPaths = (
			);
			inputPaths = (
				"${PODS_PODFILE_DIR_PATH}/Podfile.lock",
				"${PODS_ROOT}/Manifest.lock",
			);
			name = "[CP] Check Pods Manifest.lock";
			outputFileListPaths = (
			);
			outputPaths = (
				"$(DERIVED_FILE_DIR)/Pods-CountryTestTests-checkManifestLockResult.txt",
			);
			runOnlyForDeploymentPostprocessing = 0;
			shellPath = /bin/sh;
			shellScript = "diff \"${PODS_PODFILE_DIR_PATH}/Podfile.lock\" \"${PODS_ROOT}/Manifest.lock\" > /dev/null\nif [ $? != 0 ] ; then\n    # print error to STDERR\n    echo \"error: The sandbox is not in sync with the Podfile.lock. Run 'pod install' or update your CocoaPods installation.\" >&2\n    exit 1\nfi\n# This output is used by Xcode 'outputs' to avoid re-running this script phase.\necho \"SUCCESS\" > \"${SCRIPT_OUTPUT_FILE_0}\"\n";
			showEnvVarsInLog = 0;
		};
		6F4FC876F54613B1D9675EA4 /* [CP] Embed Pods Frameworks */ = {
			isa = PBXShellScriptBuildPhase;
			buildActionMask = 2147483647;
			files = (
			);
			inputFileListPaths = (
				"${PODS_ROOT}/Target Support Files/Pods-CountryTest/Pods-CountryTest-frameworks-${CONFIGURATION}-input-files.xcfilelist",
			);
			name = "[CP] Embed Pods Frameworks";
			outputFileListPaths = (
				"${PODS_ROOT}/Target Support Files/Pods-CountryTest/Pods-CountryTest-frameworks-${CONFIGURATION}-output-files.xcfilelist",
			);
			runOnlyForDeploymentPostprocessing = 0;
			shellPath = /bin/sh;
			shellScript = "\"${PODS_ROOT}/Target Support Files/Pods-CountryTest/Pods-CountryTest-frameworks.sh\"\n";
			showEnvVarsInLog = 0;
		};
/* End PBXShellScriptBuildPhase section */

/* Begin PBXSourcesBuildPhase section */
		FF1F79F8256EC36C00FA5CE5 /* Sources */ = {
			isa = PBXSourcesBuildPhase;
			buildActionMask = 2147483647;
			files = (
				FF1F7A99256EF5F500FA5CE5 /* NetworkDataFetcher.swift in Sources */,
				FF1F7A54256ECAF400FA5CE5 /* Country.swift in Sources */,
				FF1F7A04256EC36D00FA5CE5 /* MainViewController.swift in Sources */,
				FF1F7A4B256EC81B00FA5CE5 /* MainPresenter.swift in Sources */,
				FF1F7AAF256F001900FA5CE5 /* UrlConstructor.swift in Sources */,
				FF1F7AE22571709400FA5CE5 /* String+Extension.swift in Sources */,
				FF1F7A8C256EF5B100FA5CE5 /* Resource.swift in Sources */,
				FF1F7AA1256EF64600FA5CE5 /* Constants.swift in Sources */,
				FF1F7AEF2571737D00FA5CE5 /* UIViewController+Extension .swift in Sources */,
				FF1F7ACA256FD0CE00FA5CE5 /* Router.swift in Sources */,
				FF1F7A67256ED32800FA5CE5 /* AssemblyModuleBuilder.swift in Sources */,
				FF1F7A00256EC36D00FA5CE5 /* AppDelegate.swift in Sources */,
				FF1F7A95256EF5D900FA5CE5 /* NetworkService.swift in Sources */,
				FF1F7AB3256FA7BC00FA5CE5 /* DetailPresenter.swift in Sources */,
				FF1F7AA5256EF8F900FA5CE5 /* CountryServise.swift in Sources */,
				FF1F7A9D256EF61200FA5CE5 /* NetworkErrors.swift in Sources */,
				FF1F7ABE256FBF1400FA5CE5 /* DetailViewController.swift in Sources */,
			);
			runOnlyForDeploymentPostprocessing = 0;
		};
		FF1F7A0E256EC37600FA5CE5 /* Sources */ = {
			isa = PBXSourcesBuildPhase;
			buildActionMask = 2147483647;
			files = (
				FF1F7BC125756B4F00FA5CE5 /* CountryServiseTests.swift in Sources */,
				FF1F7BB42575642700FA5CE5 /* UrlConstructorTests.swift in Sources */,
				FF1F7AD4257045D000FA5CE5 /* DetailPresenterTests.swift in Sources */,
				FF1F7AD025701E1300FA5CE5 /* RouterTests.swift in Sources */,
				FF1F7BBA2575667C00FA5CE5 /* NetworkErrorTests.swift in Sources */,
				FF1F7A72256EDAFC00FA5CE5 /* MainPresenterTests.swift in Sources */,
			);
			runOnlyForDeploymentPostprocessing = 0;
		};
/* End PBXSourcesBuildPhase section */

/* Begin PBXTargetDependency section */
		FF1F7A14256EC37600FA5CE5 /* PBXTargetDependency */ = {
			isa = PBXTargetDependency;
			target = FF1F79FB256EC36C00FA5CE5 /* CountryTest */;
			targetProxy = FF1F7A13256EC37600FA5CE5 /* PBXContainerItemProxy */;
		};
/* End PBXTargetDependency section */

/* Begin PBXVariantGroup section */
		FF1F7A0A256EC37500FA5CE5 /* LaunchScreen.storyboard */ = {
			isa = PBXVariantGroup;
			children = (
				FF1F7A0B256EC37500FA5CE5 /* Base */,
			);
			name = LaunchScreen.storyboard;
			sourceTree = "<group>";
		};
		FF1F7BA72575229500FA5CE5 /* Localizable.strings */ = {
			isa = PBXVariantGroup;
			children = (
				FF1F7BA62575229500FA5CE5 /* en */,
				FF1F7BAA257522D600FA5CE5 /* ru */,
			);
			name = Localizable.strings;
			sourceTree = "<group>";
		};
/* End PBXVariantGroup section */

/* Begin XCBuildConfiguration section */
		FF1F7A24256EC37600FA5CE5 /* Debug */ = {
			isa = XCBuildConfiguration;
			buildSettings = {
				ALWAYS_SEARCH_USER_PATHS = NO;
				CLANG_ANALYZER_LOCALIZABILITY_NONLOCALIZED = YES;
				CLANG_ANALYZER_NONNULL = YES;
				CLANG_ANALYZER_NUMBER_OBJECT_CONVERSION = YES_AGGRESSIVE;
				CLANG_CXX_LANGUAGE_STANDARD = "gnu++14";
				CLANG_CXX_LIBRARY = "libc++";
				CLANG_ENABLE_MODULES = YES;
				CLANG_ENABLE_OBJC_ARC = YES;
				CLANG_ENABLE_OBJC_WEAK = YES;
				CLANG_WARN_BLOCK_CAPTURE_AUTORELEASING = YES;
				CLANG_WARN_BOOL_CONVERSION = YES;
				CLANG_WARN_COMMA = YES;
				CLANG_WARN_CONSTANT_CONVERSION = YES;
				CLANG_WARN_DEPRECATED_OBJC_IMPLEMENTATIONS = YES;
				CLANG_WARN_DIRECT_OBJC_ISA_USAGE = YES_ERROR;
				CLANG_WARN_DOCUMENTATION_COMMENTS = YES;
				CLANG_WARN_EMPTY_BODY = YES;
				CLANG_WARN_ENUM_CONVERSION = YES;
				CLANG_WARN_INFINITE_RECURSION = YES;
				CLANG_WARN_INT_CONVERSION = YES;
				CLANG_WARN_NON_LITERAL_NULL_CONVERSION = YES;
				CLANG_WARN_OBJC_IMPLICIT_RETAIN_SELF = YES;
				CLANG_WARN_OBJC_LITERAL_CONVERSION = YES;
				CLANG_WARN_OBJC_ROOT_CLASS = YES_ERROR;
				CLANG_WARN_QUOTED_INCLUDE_IN_FRAMEWORK_HEADER = YES;
				CLANG_WARN_RANGE_LOOP_ANALYSIS = YES;
				CLANG_WARN_STRICT_PROTOTYPES = YES;
				CLANG_WARN_SUSPICIOUS_MOVE = YES;
				CLANG_WARN_UNGUARDED_AVAILABILITY = YES_AGGRESSIVE;
				CLANG_WARN_UNREACHABLE_CODE = YES;
				CLANG_WARN__DUPLICATE_METHOD_MATCH = YES;
				COPY_PHASE_STRIP = NO;
				DEBUG_INFORMATION_FORMAT = dwarf;
				ENABLE_STRICT_OBJC_MSGSEND = YES;
				ENABLE_TESTABILITY = YES;
				GCC_C_LANGUAGE_STANDARD = gnu11;
				GCC_DYNAMIC_NO_PIC = NO;
				GCC_NO_COMMON_BLOCKS = YES;
				GCC_OPTIMIZATION_LEVEL = 0;
				GCC_PREPROCESSOR_DEFINITIONS = (
					"DEBUG=1",
					"$(inherited)",
				);
				GCC_WARN_64_TO_32_BIT_CONVERSION = YES;
				GCC_WARN_ABOUT_RETURN_TYPE = YES_ERROR;
				GCC_WARN_UNDECLARED_SELECTOR = YES;
				GCC_WARN_UNINITIALIZED_AUTOS = YES_AGGRESSIVE;
				GCC_WARN_UNUSED_FUNCTION = YES;
				GCC_WARN_UNUSED_VARIABLE = YES;
				IPHONEOS_DEPLOYMENT_TARGET = 10.3;
				MTL_ENABLE_DEBUG_INFO = INCLUDE_SOURCE;
				MTL_FAST_MATH = YES;
				ONLY_ACTIVE_ARCH = YES;
				SDKROOT = iphoneos;
				SWIFT_ACTIVE_COMPILATION_CONDITIONS = DEBUG;
				SWIFT_OPTIMIZATION_LEVEL = "-Onone";
			};
			name = Debug;
		};
		FF1F7A25256EC37600FA5CE5 /* Release */ = {
			isa = XCBuildConfiguration;
			buildSettings = {
				ALWAYS_SEARCH_USER_PATHS = NO;
				CLANG_ANALYZER_LOCALIZABILITY_NONLOCALIZED = YES;
				CLANG_ANALYZER_NONNULL = YES;
				CLANG_ANALYZER_NUMBER_OBJECT_CONVERSION = YES_AGGRESSIVE;
				CLANG_CXX_LANGUAGE_STANDARD = "gnu++14";
				CLANG_CXX_LIBRARY = "libc++";
				CLANG_ENABLE_MODULES = YES;
				CLANG_ENABLE_OBJC_ARC = YES;
				CLANG_ENABLE_OBJC_WEAK = YES;
				CLANG_WARN_BLOCK_CAPTURE_AUTORELEASING = YES;
				CLANG_WARN_BOOL_CONVERSION = YES;
				CLANG_WARN_COMMA = YES;
				CLANG_WARN_CONSTANT_CONVERSION = YES;
				CLANG_WARN_DEPRECATED_OBJC_IMPLEMENTATIONS = YES;
				CLANG_WARN_DIRECT_OBJC_ISA_USAGE = YES_ERROR;
				CLANG_WARN_DOCUMENTATION_COMMENTS = YES;
				CLANG_WARN_EMPTY_BODY = YES;
				CLANG_WARN_ENUM_CONVERSION = YES;
				CLANG_WARN_INFINITE_RECURSION = YES;
				CLANG_WARN_INT_CONVERSION = YES;
				CLANG_WARN_NON_LITERAL_NULL_CONVERSION = YES;
				CLANG_WARN_OBJC_IMPLICIT_RETAIN_SELF = YES;
				CLANG_WARN_OBJC_LITERAL_CONVERSION = YES;
				CLANG_WARN_OBJC_ROOT_CLASS = YES_ERROR;
				CLANG_WARN_QUOTED_INCLUDE_IN_FRAMEWORK_HEADER = YES;
				CLANG_WARN_RANGE_LOOP_ANALYSIS = YES;
				CLANG_WARN_STRICT_PROTOTYPES = YES;
				CLANG_WARN_SUSPICIOUS_MOVE = YES;
				CLANG_WARN_UNGUARDED_AVAILABILITY = YES_AGGRESSIVE;
				CLANG_WARN_UNREACHABLE_CODE = YES;
				CLANG_WARN__DUPLICATE_METHOD_MATCH = YES;
				COPY_PHASE_STRIP = NO;
				DEBUG_INFORMATION_FORMAT = "dwarf-with-dsym";
				ENABLE_NS_ASSERTIONS = NO;
				ENABLE_STRICT_OBJC_MSGSEND = YES;
				GCC_C_LANGUAGE_STANDARD = gnu11;
				GCC_NO_COMMON_BLOCKS = YES;
				GCC_WARN_64_TO_32_BIT_CONVERSION = YES;
				GCC_WARN_ABOUT_RETURN_TYPE = YES_ERROR;
				GCC_WARN_UNDECLARED_SELECTOR = YES;
				GCC_WARN_UNINITIALIZED_AUTOS = YES_AGGRESSIVE;
				GCC_WARN_UNUSED_FUNCTION = YES;
				GCC_WARN_UNUSED_VARIABLE = YES;
				IPHONEOS_DEPLOYMENT_TARGET = 10.3;
				MTL_ENABLE_DEBUG_INFO = NO;
				MTL_FAST_MATH = YES;
				SDKROOT = iphoneos;
				SWIFT_COMPILATION_MODE = wholemodule;
				SWIFT_OPTIMIZATION_LEVEL = "-O";
				VALIDATE_PRODUCT = YES;
			};
			name = Release;
		};
		FF1F7A27256EC37600FA5CE5 /* Debug */ = {
			isa = XCBuildConfiguration;
			baseConfigurationReference = CA2C9ECCFFC0EDA57FCEC581 /* Pods-CountryTest.debug.xcconfig */;
			buildSettings = {
				ASSETCATALOG_COMPILER_APPICON_NAME = AppIcon;
				ASSETCATALOG_COMPILER_GLOBAL_ACCENT_COLOR_NAME = AccentColor;
				CODE_SIGN_STYLE = Automatic;
				DEVELOPMENT_TEAM = CH6GQXAMK3;
				INFOPLIST_FILE = CountryTest/Info.plist;
				IPHONEOS_DEPLOYMENT_TARGET = 10.3;
				LD_RUNPATH_SEARCH_PATHS = (
					"$(inherited)",
					"@executable_path/Frameworks",
				);
				PRODUCT_BUNDLE_IDENTIFIER = com.trekhlebov.CountryTest;
				PRODUCT_NAME = "$(TARGET_NAME)";
				SWIFT_VERSION = 5.0;
				TARGETED_DEVICE_FAMILY = "1,2";
			};
			name = Debug;
		};
		FF1F7A28256EC37600FA5CE5 /* Release */ = {
			isa = XCBuildConfiguration;
			baseConfigurationReference = 1123C154F3E8DFC3663AABBB /* Pods-CountryTest.release.xcconfig */;
			buildSettings = {
				ASSETCATALOG_COMPILER_APPICON_NAME = AppIcon;
				ASSETCATALOG_COMPILER_GLOBAL_ACCENT_COLOR_NAME = AccentColor;
				CODE_SIGN_STYLE = Automatic;
				DEVELOPMENT_TEAM = CH6GQXAMK3;
				INFOPLIST_FILE = CountryTest/Info.plist;
				IPHONEOS_DEPLOYMENT_TARGET = 10.3;
				LD_RUNPATH_SEARCH_PATHS = (
					"$(inherited)",
					"@executable_path/Frameworks",
				);
				PRODUCT_BUNDLE_IDENTIFIER = com.trekhlebov.CountryTest;
				PRODUCT_NAME = "$(TARGET_NAME)";
				SWIFT_VERSION = 5.0;
				TARGETED_DEVICE_FAMILY = "1,2";
			};
			name = Release;
		};
		FF1F7A2A256EC37600FA5CE5 /* Debug */ = {
			isa = XCBuildConfiguration;
			baseConfigurationReference = 61BBEA42DBA0E009785D7B4A /* Pods-CountryTestTests.debug.xcconfig */;
			buildSettings = {
				ALWAYS_EMBED_SWIFT_STANDARD_LIBRARIES = YES;
				BUNDLE_LOADER = "$(TEST_HOST)";
				CODE_SIGN_STYLE = Automatic;
				DEVELOPMENT_TEAM = CH6GQXAMK3;
				INFOPLIST_FILE = CountryTestTests/Info.plist;
				IPHONEOS_DEPLOYMENT_TARGET = 10.3;
				LD_RUNPATH_SEARCH_PATHS = (
					"$(inherited)",
					"@executable_path/Frameworks",
					"@loader_path/Frameworks",
				);
				PRODUCT_BUNDLE_IDENTIFIER = com.trekhlebov.CountryTestTests;
				PRODUCT_NAME = "$(TARGET_NAME)";
				SWIFT_VERSION = 5.0;
				TARGETED_DEVICE_FAMILY = "1,2";
				TEST_HOST = "$(BUILT_PRODUCTS_DIR)/CountryTest.app/CountryTest";
			};
			name = Debug;
		};
		FF1F7A2B256EC37600FA5CE5 /* Release */ = {
			isa = XCBuildConfiguration;
			baseConfigurationReference = 16843A2CA56F6DF8B869ACB9 /* Pods-CountryTestTests.release.xcconfig */;
			buildSettings = {
				ALWAYS_EMBED_SWIFT_STANDARD_LIBRARIES = YES;
				BUNDLE_LOADER = "$(TEST_HOST)";
				CODE_SIGN_STYLE = Automatic;
				DEVELOPMENT_TEAM = CH6GQXAMK3;
				INFOPLIST_FILE = CountryTestTests/Info.plist;
				IPHONEOS_DEPLOYMENT_TARGET = 10.3;
				LD_RUNPATH_SEARCH_PATHS = (
					"$(inherited)",
					"@executable_path/Frameworks",
					"@loader_path/Frameworks",
				);
				PRODUCT_BUNDLE_IDENTIFIER = com.trekhlebov.CountryTestTests;
				PRODUCT_NAME = "$(TARGET_NAME)";
				SWIFT_VERSION = 5.0;
				TARGETED_DEVICE_FAMILY = "1,2";
				TEST_HOST = "$(BUILT_PRODUCTS_DIR)/CountryTest.app/CountryTest";
			};
			name = Release;
		};
/* End XCBuildConfiguration section */

/* Begin XCConfigurationList section */
		FF1F79F7256EC36C00FA5CE5 /* Build configuration list for PBXProject "CountryTest" */ = {
			isa = XCConfigurationList;
			buildConfigurations = (
				FF1F7A24256EC37600FA5CE5 /* Debug */,
				FF1F7A25256EC37600FA5CE5 /* Release */,
			);
			defaultConfigurationIsVisible = 0;
			defaultConfigurationName = Release;
		};
		FF1F7A26256EC37600FA5CE5 /* Build configuration list for PBXNativeTarget "CountryTest" */ = {
			isa = XCConfigurationList;
			buildConfigurations = (
				FF1F7A27256EC37600FA5CE5 /* Debug */,
				FF1F7A28256EC37600FA5CE5 /* Release */,
			);
			defaultConfigurationIsVisible = 0;
			defaultConfigurationName = Release;
		};
		FF1F7A29256EC37600FA5CE5 /* Build configuration list for PBXNativeTarget "CountryTestTests" */ = {
			isa = XCConfigurationList;
			buildConfigurations = (
				FF1F7A2A256EC37600FA5CE5 /* Debug */,
				FF1F7A2B256EC37600FA5CE5 /* Release */,
			);
			defaultConfigurationIsVisible = 0;
			defaultConfigurationName = Release;
		};
/* End XCConfigurationList section */
	};
	rootObject = FF1F79F4256EC36C00FA5CE5 /* Project object */;
}
